
Microsoft Visual Studio Solution File, Format Version 10.00
# Visual Studio 2008
Project("{8BC9CEB8-8B4A-11D0-8D11-00A0C91BC942}") = "MegaDude", "MegaDude.vcproj", "{AC0E858B-CFD2-4906-BB6D-82F36AFA50BA}"
EndProject
Global
	GlobalSection(SolutionConfigurationPlatforms) = preSolution
		Debug|Win32 = Debug|Win32
		Release|Win32 = Release|Win32
	EndGlobalSection
	GlobalSection(ProjectConfigurationPlatforms) = postSolution
		{AC0E858B-CFD2-4906-BB6D-82F36AFA50BA}.Debug|Win32.ActiveCfg = Debug|Win32
		{AC0E858B-CFD2-4906-BB6D-82F36AFA50BA}.Debug|Win32.Build.0 = Debug|Win32
		{AC0E858B-CFD2-4906-BB6D-82F36AFA50BA}.Release|Win32.ActiveCfg = Release|Win32
		{AC0E858B-CFD2-4906-BB6D-82F36AFA50BA}.Release|Win32.Build.0 = Release|Win32
	EndGlobalSection
	GlobalSection(SolutionProperties) = preSolution
		HideSolutionNode = FALSE
	EndGlobalSection
EndGlobal
